Microsoft Visual Studio Solution File, Format Version 10.00
Project("{8BC9CEB8-8B4A-11D0-8D11-00A0C91BC942}") = "mamatkon", "D:/Source/mamatkonGit/src/app\mamatkon.vcproj", "{D7E850AD-7763-3750-99CD-AB3743FCF3FD}"
EndProject
Project("{8BC9CEB8-8B4A-11D0-8D11-00A0C91BC942}") = "MaCore", "D:/Source/mamatkonGit/src/libs/core\MaCore.vcproj", "{F6C0B903-EBB1-35BC-8266-0222A72BCD32}"
EndProject
Global
	GlobalSection(SolutionConfiguration) = preSolution
		ConfigName.0 = Debug|Win32
		ConfigName.1 = Release|Win32
	EndGlobalSection
	GlobalSection(ProjectDependencies) = postSolution
	EndGlobalSection
	GlobalSection(ProjectConfiguration) = postSolution
		{D7E850AD-7763-3750-99CD-AB3743FCF3FD}.Debug|Win32.ActiveCfg = Debug|Win32
		{D7E850AD-7763-3750-99CD-AB3743FCF3FD}.Debug|Win32.Build.0 = Debug|Win32
		{D7E850AD-7763-3750-99CD-AB3743FCF3FD}.Release|Win32.ActiveCfg = Release|Win32
		{D7E850AD-7763-3750-99CD-AB3743FCF3FD}.Release|Win32.Build.0 = Release|Win32
		{F6C0B903-EBB1-35BC-8266-0222A72BCD32}.Debug|Win32.ActiveCfg = Debug|Win32
		{F6C0B903-EBB1-35BC-8266-0222A72BCD32}.Debug|Win32.Build.0 = Debug|Win32
		{F6C0B903-EBB1-35BC-8266-0222A72BCD32}.Release|Win32.ActiveCfg = Release|Win32
		{F6C0B903-EBB1-35BC-8266-0222A72BCD32}.Release|Win32.Build.0 = Release|Win32
	EndGlobalSection
	GlobalSection(ExtensibilityGlobals) = postSolution
	EndGlobalSection
	GlobalSection(ExtensibilityAddIns) = postSolution
	EndGlobalSection
EndGlobal