Microsoft Visual Studio Solution File, Format Version 11.00
# Visual Studio 2010
Project("{8BC9CEB8-8B4A-11D0-8D11-00A0C91BC942}") = "mamatkon", "D:/Source/mamatkonGit/src/app\mamatkon.vcxproj", "{42EB1453-35A6-3030-AB4D-8F12DB9230A9}"
EndProject
Project("{8BC9CEB8-8B4A-11D0-8D11-00A0C91BC942}") = "MaCore", "D:/Source/mamatkonGit/src/libs/core\MaCore.vcxproj", "{4342C0BE-737A-3315-AB33-FCA252E035A2}"
EndProject
Global
	GlobalSection(SolutionConfiguration) = preSolution
		ConfigName.0 = Debug|Win32
		ConfigName.1 = Release|Win32
	EndGlobalSection
	GlobalSection(ProjectDependencies) = postSolution
	EndGlobalSection
	GlobalSection(ProjectConfiguration) = postSolution
		{42EB1453-35A6-3030-AB4D-8F12DB9230A9}.Debug|Win32.ActiveCfg = Debug|Win32
		{42EB1453-35A6-3030-AB4D-8F12DB9230A9}.Debug|Win32.Build.0 = Debug|Win32
		{42EB1453-35A6-3030-AB4D-8F12DB9230A9}.Release|Win32.ActiveCfg = Release|Win32
		{42EB1453-35A6-3030-AB4D-8F12DB9230A9}.Release|Win32.Build.0 = Release|Win32
		{4342C0BE-737A-3315-AB33-FCA252E035A2}.Debug|Win32.ActiveCfg = Debug|Win32
		{4342C0BE-737A-3315-AB33-FCA252E035A2}.Debug|Win32.Build.0 = Debug|Win32
		{4342C0BE-737A-3315-AB33-FCA252E035A2}.Release|Win32.ActiveCfg = Release|Win32
		{4342C0BE-737A-3315-AB33-FCA252E035A2}.Release|Win32.Build.0 = Release|Win32
	EndGlobalSection
	GlobalSection(ExtensibilityGlobals) = postSolution
	EndGlobalSection
	GlobalSection(ExtensibilityAddIns) = postSolution
	EndGlobalSection
EndGlobal